
Microsoft Visual Studio Solution File, Format Version 12.00
# Visual Studio Version 18
VisualStudioVersion = 18.6.11806.211 stable
MinimumVisualStudioVersion = 10.0.40219.1
Project("{FAE04EC0-301F-11D3-BF4B-00C04F79EFBC}") = "LiveSplit.SummaryTracker", "LiveSplit.SummaryTracker.csproj", "{D6450A9A-0F8B-46F3-9539-95E4243759B7}"
EndProject
Global
	GlobalSection(SolutionConfigurationPlatforms) = preSolution
		Debug|Any CPU = Debug|Any CPU
		Release Candidate|Any CPU = Release Candidate|Any CPU
		Release|Any CPU = Release|Any CPU
	EndGlobalSection
	GlobalSection(ProjectConfigurationPlatforms) = postSolution
		{D6450A9A-0F8B-46F3-9539-95E4243759B7}.Debug|Any CPU.ActiveCfg = Debug|Any CPU
		{D6450A9A-0F8B-46F3-9539-95E4243759B7}.Debug|Any CPU.Build.0 = Debug|Any CPU
		{D6450A9A-0F8B-46F3-9539-95E4243759B7}.Release Candidate|Any CPU.ActiveCfg = Release|Any CPU
		{D6450A9A-0F8B-46F3-9539-95E4243759B7}.Release Candidate|Any CPU.Build.0 = Release|Any CPU
		{D6450A9A-0F8B-46F3-9539-95E4243759B7}.Release|Any CPU.ActiveCfg = Release|Any CPU
		{D6450A9A-0F8B-46F3-9539-95E4243759B7}.Release|Any CPU.Build.0 = Release|Any CPU
	EndGlobalSection
	GlobalSection(SolutionProperties) = preSolution
		HideSolutionNode = FALSE
	EndGlobalSection
	GlobalSection(ExtensibilityGlobals) = postSolution
		SolutionGuid = {C40AD26D-B8CF-42D8-9DF5-421D14375325}
	EndGlobalSection
EndGlobal
